// !$*UTF8*$!
{
	archiveVersion = 1;
	classes = {
	};
	objectVersion = 77;
	objects = {

/* Begin PBXBuildFile section */
		D3432940301E887D00DC20FF /* PowerliftingCore in Frameworks */ = {isa = PBXBuildFile; productRef = D3432930301E887D00DC20FF /* PowerliftingCore */; };
		D3432941301E887D00DC20FF /* Persistence in Frameworks */ = {isa = PBXBuildFile; productRef = D3432931301E887D00DC20FF /* Persistence */; };
		D3432942301E887D00DC20FF /* DesignSystem in Frameworks */ = {isa = PBXBuildFile; productRef = D3432932301E887D00DC20FF /* DesignSystem */; };
		D3432943301E887D00DC20FF /* AppNavigation in Frameworks */ = {isa = PBXBuildFile; productRef = D3432933301E887D00DC20FF /* AppNavigation */; };
		D3432944301E887D00DC20FF /* ExerciseLibrary in Frameworks */ = {isa = PBXBuildFile; productRef = D3432934301E887D00DC20FF /* ExerciseLibrary */; };
		D3432945301E887D00DC20FF /* Logging in Frameworks */ = {isa = PBXBuildFile; productRef = D3432935301E887D00DC20FF /* Logging */; };
		D3432946301E887D00DC20FF /* History in Frameworks */ = {isa = PBXBuildFile; productRef = D3432936301E887D00DC20FF /* History */; };
		D3432947301E887D00DC20FF /* Dashboard in Frameworks */ = {isa = PBXBuildFile; productRef = D3432937301E887D00DC20FF /* Dashboard */; };
		D3432948301E887D00DC20FF /* Settings in Frameworks */ = {isa = PBXBuildFile; productRef = D3432938301E887D00DC20FF /* Settings */; };
		D3432948301E887E00DC20FF /* Routines in Frameworks */ = {isa = PBXBuildFile; productRef = D3432938301E887E00DC20FF /* Routines */; };
		D3432949301E887D00DC20FF /* SeedImport in Frameworks */ = {isa = PBXBuildFile; productRef = D3432939301E887D00DC20FF /* SeedImport */; };
/* End PBXBuildFile section */

/* Begin PBXFileReference section */
		D343290A301E887D00DC20FF /* Attempt.app */ = {isa = PBXFileReference; explicitFileType = wrapper.application; includeInIndex = 0; path = Attempt.app; sourceTree = BUILT_PRODUCTS_DIR; };
/* End PBXFileReference section */

/* Begin PBXFileSystemSynchronizedRootGroup section */
		D343290C301E887D00DC20FF /* Attempt */ = {
			isa = PBXFileSystemSynchronizedRootGroup;
			path = Attempt;
			sourceTree = "<group>";
		};
/* End PBXFileSystemSynchronizedRootGroup section */

/* Begin PBXFrameworksBuildPhase section */
		D3432907301E887D00DC20FF /* Frameworks */ = {
			isa = PBXFrameworksBuildPhase;
			buildActionMask = 2147483647;
			files = (
				D3432940301E887D00DC20FF /* PowerliftingCore in Frameworks */,
				D3432941301E887D00DC20FF /* Persistence in Frameworks */,
				D3432942301E887D00DC20FF /* DesignSystem in Frameworks */,
				D3432943301E887D00DC20FF /* AppNavigation in Frameworks */,
				D3432944301E887D00DC20FF /* ExerciseLibrary in Frameworks */,
				D3432945301E887D00DC20FF /* Logging in Frameworks */,
				D3432946301E887D00DC20FF /* History in Frameworks */,
				D3432947301E887D00DC20FF /* Dashboard in Frameworks */,
				D3432948301E887D00DC20FF /* Settings in Frameworks */,
				D3432948301E887E00DC20FF /* Routines in Frameworks */,
				D3432949301E887D00DC20FF /* SeedImport in Frameworks */,
			);
			runOnlyForDeploymentPostprocessing = 0;
		};
/* End PBXFrameworksBuildPhase section */

/* Begin PBXGroup section */
		D3432901301E887D00DC20FF = {
			isa = PBXGroup;
			children = (
				D343290C301E887D00DC20FF /* Attempt */,
				D343290B301E887D00DC20FF /* Products */,
			);
			sourceTree = "<group>";
		};
		D343290B301E887D00DC20FF /* Products */ = {
			isa = PBXGroup;
			children = (
				D343290A301E887D00DC20FF /* Attempt.app */,
			);
			name = Products;
			sourceTree = "<group>";
		};
/* End PBXGroup section */

/* Begin PBXNativeTarget section */
		D3432909301E887D00DC20FF /* Attempt */ = {
			isa = PBXNativeTarget;
			buildConfigurationList = D3432915301E887E00DC20FF /* Build configuration list for PBXNativeTarget "Attempt" */;
			buildPhases = (
				D3432906301E887D00DC20FF /* Sources */,
				D3432907301E887D00DC20FF /* Frameworks */,
				D3432908301E887D00DC20FF /* Resources */,
			);
			buildRules = (
			);
			dependencies = (
			);
			fileSystemSynchronizedGroups = (
				D343290C301E887D00DC20FF /* Attempt */,
			);
			name = Attempt;
			packageProductDependencies = (
				D3432930301E887D00DC20FF /* PowerliftingCore */,
				D3432931301E887D00DC20FF /* Persistence */,
				D3432932301E887D00DC20FF /* DesignSystem */,
				D3432933301E887D00DC20FF /* AppNavigation */,
				D3432934301E887D00DC20FF /* ExerciseLibrary */,
				D3432935301E887D00DC20FF /* Logging */,
				D3432936301E887D00DC20FF /* History */,
				D3432937301E887D00DC20FF /* Dashboard */,
				D3432938301E887D00DC20FF /* Settings */,
				D3432938301E887E00DC20FF /* Routines */,
				D3432939301E887D00DC20FF /* SeedImport */,
			);
			productName = Attempt;
			productReference = D343290A301E887D00DC20FF /* Attempt.app */;
			productType = "com.apple.product-type.application";
		};
/* End PBXNativeTarget section */

/* Begin PBXProject section */
		D3432902301E887D00DC20FF /* Project object */ = {
			isa = PBXProject;
			attributes = {
				BuildIndependentTargetsInParallel = 1;
				LastSwiftUpdateCheck = 2660;
				LastUpgradeCheck = 2660;
				TargetAttributes = {
					D3432909301E887D00DC20FF = {
						CreatedOnToolsVersion = 26.6;
					};
				};
			};
			buildConfigurationList = D3432905301E887D00DC20FF /* Build configuration list for PBXProject "Attempt" */;
			developmentRegion = en;
			hasScannedForEncodings = 0;
			knownRegions = (
				en,
				Base,
				uk,
			);
			mainGroup = D3432901301E887D00DC20FF;
			minimizedProjectReferenceProxies = 1;
			packageReferences = (
				D3432920301E887D00DC20FF /* XCLocalSwiftPackageReference "Packages/PowerliftingCore" */,
				D3432921301E887D00DC20FF /* XCLocalSwiftPackageReference "Packages/Persistence" */,
				D3432922301E887D00DC20FF /* XCLocalSwiftPackageReference "Packages/DesignSystem" */,
				D3432923301E887D00DC20FF /* XCLocalSwiftPackageReference "Packages/AppNavigation" */,
				D3432924301E887D00DC20FF /* XCLocalSwiftPackageReference "Packages/Features/ExerciseLibrary" */,
				D3432925301E887D00DC20FF /* XCLocalSwiftPackageReference "Packages/Features/Logging" */,
				D3432926301E887D00DC20FF /* XCLocalSwiftPackageReference "Packages/Features/History" */,
				D3432927301E887D00DC20FF /* XCLocalSwiftPackageReference "Packages/Features/Dashboard" */,
				D3432928301E887D00DC20FF /* XCLocalSwiftPackageReference "Packages/Features/Settings" */,
				D3432929301E887E00DC20FF /* XCLocalSwiftPackageReference "Packages/Features/Routines" */,
				D3432929301E887D00DC20FF /* XCLocalSwiftPackageReference "Packages/SeedImport" */,
			);
			preferredProjectObjectVersion = 77;
			productRefGroup = D343290B301E887D00DC20FF /* Products */;
			projectDirPath = "";
			projectRoot = "";
			targets = (
				D3432909301E887D00DC20FF /* Attempt */,
			);
		};
/* End PBXProject section */

/* Begin PBXResourcesBuildPhase section */
		D3432908301E887D00DC20FF /* Resources */ = {
			isa = PBXResourcesBuildPhase;
			buildActionMask = 2147483647;
			files = (
			);
			runOnlyForDeploymentPostprocessing = 0;
		};
/* End PBXResourcesBuildPhase section */

/* Begin PBXSourcesBuildPhase section */
		D3432906301E887D00DC20FF /* Sources */ = {
			isa = PBXSourcesBuildPhase;
			buildActionMask = 2147483647;
			files = (
			);
			runOnlyForDeploymentPostprocessing = 0;
		};
/* End PBXSourcesBuildPhase section */

/* Begin XCBuildConfiguration section */
		D3432913301E887E00DC20FF /* Debug */ = {
			isa = XCBuildConfiguration;
			buildSettings = {
				ALWAYS_SEARCH_USER_PATHS = NO;
				ASSETCATALOG_COMPILER_GENERATE_SWIFT_ASSET_SYMBOL_EXTENSIONS = YES;
				CLANG_ANALYZER_NONNULL = YES;
				CLANG_ANALYZER_NUMBER_OBJECT_CONVERSION = YES_AGGRESSIVE;
				CLANG_CXX_LANGUAGE_STANDARD = "gnu++20";
				CLANG_ENABLE_MODULES = YES;
				CLANG_ENABLE_OBJC_ARC = YES;
				CLANG_ENABLE_OBJC_WEAK = YES;
				CLANG_WARN_BLOCK_CAPTURE_AUTORELEASING = YES;
				CLANG_WARN_BOOL_CONVERSION = YES;
				CLANG_WARN_COMMA = YES;
				CLANG_WARN_CONSTANT_CONVERSION = YES;
				CLANG_WARN_DEPRECATED_OBJC_IMPLEMENTATIONS = YES;
				CLANG_WARN_DIRECT_OBJC_ISA_USAGE = YES_ERROR;
				CLANG_WARN_DOCUMENTATION_COMMENTS = YES;
				CLANG_WARN_EMPTY_BODY = YES;
				CLANG_WARN_ENUM_CONVERSION = YES;
				CLANG_WARN_INFINITE_RECURSION = YES;
				CLANG_WARN_INT_CONVERSION = YES;
				CLANG_WARN_NON_LITERAL_NULL_CONVERSION = YES;
				CLANG_WARN_OBJC_IMPLICIT_RETAIN_SELF = YES;
				CLANG_WARN_OBJC_LITERAL_CONVERSION = YES;
				CLANG_WARN_OBJC_ROOT_CLASS = YES_ERROR;
				CLANG_WARN_QUOTED_INCLUDE_IN_FRAMEWORK_HEADER = YES;
				CLANG_WARN_RANGE_LOOP_ANALYSIS = YES;
				CLANG_WARN_STRICT_PROTOTYPES = YES;
				CLANG_WARN_SUSPICIOUS_MOVE = YES;
				CLANG_WARN_UNGUARDED_AVAILABILITY = YES_AGGRESSIVE;
				CLANG_WARN_UNREACHABLE_CODE = YES;
				CLANG_WARN__DUPLICATE_METHOD_MATCH = YES;
				COPY_PHASE_STRIP = NO;
				DEBUG_INFORMATION_FORMAT = dwarf;
				ENABLE_STRICT_OBJC_MSGSEND = YES;
				ENABLE_TESTABILITY = YES;
				ENABLE_USER_SCRIPT_SANDBOXING = YES;
				GCC_C_LANGUAGE_STANDARD = gnu17;
				GCC_DYNAMIC_NO_PIC = NO;
				GCC_NO_COMMON_BLOCKS = YES;
				GCC_OPTIMIZATION_LEVEL = 0;
				GCC_PREPROCESSOR_DEFINITIONS = (
					"DEBUG=1",
					"$(inherited)",
				);
				GCC_WARN_64_TO_32_BIT_CONVERSION = YES;
				GCC_WARN_ABOUT_RETURN_TYPE = YES_ERROR;
				GCC_WARN_UNDECLARED_SELECTOR = YES;
				GCC_WARN_UNINITIALIZED_AUTOS = YES_AGGRESSIVE;
				GCC_WARN_UNUSED_FUNCTION = YES;
				GCC_WARN_UNUSED_VARIABLE = YES;
				IPHONEOS_DEPLOYMENT_TARGET = 26.5;
				LOCALIZATION_PREFERS_STRING_CATALOGS = YES;
				MTL_ENABLE_DEBUG_INFO = INCLUDE_SOURCE;
				MTL_FAST_MATH = YES;
				ONLY_ACTIVE_ARCH = YES;
				SDKROOT = iphoneos;
				SWIFT_ACTIVE_COMPILATION_CONDITIONS = "DEBUG $(inherited)";
				SWIFT_OPTIMIZATION_LEVEL = "-Onone";
			};
			name = Debug;
		};
		D3432914301E887E00DC20FF /* Release */ = {
			isa = XCBuildConfiguration;
			buildSettings = {
				ALWAYS_SEARCH_USER_PATHS = NO;
				ASSETCATALOG_COMPILER_GENERATE_SWIFT_ASSET_SYMBOL_EXTENSIONS = YES;
				CLANG_ANALYZER_NONNULL = YES;
				CLANG_ANALYZER_NUMBER_OBJECT_CONVERSION = YES_AGGRESSIVE;
				CLANG_CXX_LANGUAGE_STANDARD = "gnu++20";
				CLANG_ENABLE_MODULES = YES;
				CLANG_ENABLE_OBJC_ARC = YES;
				CLANG_ENABLE_OBJC_WEAK = YES;
				CLANG_WARN_BLOCK_CAPTURE_AUTORELEASING = YES;
				CLANG_WARN_BOOL_CONVERSION = YES;
				CLANG_WARN_COMMA = YES;
				CLANG_WARN_CONSTANT_CONVERSION = YES;
				CLANG_WARN_DEPRECATED_OBJC_IMPLEMENTATIONS = YES;
				CLANG_WARN_DIRECT_OBJC_ISA_USAGE = YES_ERROR;
				CLANG_WARN_DOCUMENTATION_COMMENTS = YES;
				CLANG_WARN_EMPTY_BODY = YES;
				CLANG_WARN_ENUM_CONVERSION = YES;
				CLANG_WARN_INFINITE_RECURSION = YES;
				CLANG_WARN_INT_CONVERSION = YES;
				CLANG_WARN_NON_LITERAL_NULL_CONVERSION = YES;
				CLANG_WARN_OBJC_IMPLICIT_RETAIN_SELF = YES;
				CLANG_WARN_OBJC_LITERAL_CONVERSION = YES;
				CLANG_WARN_OBJC_ROOT_CLASS = YES_ERROR;
				CLANG_WARN_QUOTED_INCLUDE_IN_FRAMEWORK_HEADER = YES;
				CLANG_WARN_RANGE_LOOP_ANALYSIS = YES;
				CLANG_WARN_STRICT_PROTOTYPES = YES;
				CLANG_WARN_SUSPICIOUS_MOVE = YES;
				CLANG_WARN_UNGUARDED_AVAILABILITY = YES_AGGRESSIVE;
				CLANG_WARN_UNREACHABLE_CODE = YES;
				CLANG_WARN__DUPLICATE_METHOD_MATCH = YES;
				COPY_PHASE_STRIP = NO;
				DEBUG_INFORMATION_FORMAT = "dwarf-with-dsym";
				ENABLE_NS_ASSERTIONS = NO;
				ENABLE_STRICT_OBJC_MSGSEND = YES;
				ENABLE_USER_SCRIPT_SANDBOXING = YES;
				GCC_C_LANGUAGE_STANDARD = gnu17;
				GCC_NO_COMMON_BLOCKS = YES;
				GCC_WARN_64_TO_32_BIT_CONVERSION = YES;
				GCC_WARN_ABOUT_RETURN_TYPE = YES_ERROR;
				GCC_WARN_UNDECLARED_SELECTOR = YES;
				GCC_WARN_UNINITIALIZED_AUTOS = YES_AGGRESSIVE;
				GCC_WARN_UNUSED_FUNCTION = YES;
				GCC_WARN_UNUSED_VARIABLE = YES;
				IPHONEOS_DEPLOYMENT_TARGET = 26.5;
				LOCALIZATION_PREFERS_STRING_CATALOGS = YES;
				MTL_ENABLE_DEBUG_INFO = NO;
				MTL_FAST_MATH = YES;
				SDKROOT = iphoneos;
				SWIFT_COMPILATION_MODE = wholemodule;
				VALIDATE_PRODUCT = YES;
			};
			name = Release;
		};
		D3432916301E887E00DC20FF /* Debug */ = {
			isa = XCBuildConfiguration;
			buildSettings = {
				ASSETCATALOG_COMPILER_APPICON_NAME = AppIcon;
				ASSETCATALOG_COMPILER_GLOBAL_ACCENT_COLOR_NAME = AccentColor;
				CODE_SIGN_ENTITLEMENTS = Attempt/Attempt.entitlements;
				CODE_SIGN_STYLE = Automatic;
				CURRENT_PROJECT_VERSION = 1;
				ENABLE_PREVIEWS = YES;
				GENERATE_INFOPLIST_FILE = YES;
				INFOPLIST_KEY_NSHealthShareUsageDescription = "Attempt reads your body mass from Health so your weigh-ins and their seven-day average are in one place. It stays on this device.";
				INFOPLIST_KEY_UIApplicationSceneManifest_Generation = YES;
				INFOPLIST_KEY_UIApplicationSupportsIndirectInputEvents = YES;
				INFOPLIST_KEY_UILaunchScreen_Generation = YES;
				INFOPLIST_KEY_UISupportedInterfaceOrientations_iPad = "UIInterfaceOrientationPortrait UIInterfaceOrientationPortraitUpsideDown UIInterfaceOrientationLandscapeLeft UIInterfaceOrientationLandscapeRight";
				INFOPLIST_KEY_UISupportedInterfaceOrientations_iPhone = "UIInterfaceOrientationPortrait UIInterfaceOrientationLandscapeLeft UIInterfaceOrientationLandscapeRight";
				LD_RUNPATH_SEARCH_PATHS = (
					"$(inherited)",
					"@executable_path/Frameworks",
				);
				MARKETING_VERSION = 1.0;
				PRODUCT_BUNDLE_IDENTIFIER = lockw1n.Attempt;
				PRODUCT_NAME = "$(TARGET_NAME)";
				STRING_CATALOG_GENERATE_SYMBOLS = YES;
				SWIFT_APPROACHABLE_CONCURRENCY = YES;
				SWIFT_DEFAULT_ACTOR_ISOLATION = MainActor;
				SWIFT_EMIT_LOC_STRINGS = YES;
				SWIFT_STRICT_CONCURRENCY = complete;
				SWIFT_TREAT_WARNINGS_AS_ERRORS = YES;
				SWIFT_UPCOMING_FEATURE_MEMBER_IMPORT_VISIBILITY = YES;
				SWIFT_VERSION = 6.0;
				TARGETED_DEVICE_FAMILY = "1,2";
			};
			name = Debug;
		};
		D3432917301E887E00DC20FF /* Release */ = {
			isa = XCBuildConfiguration;
			buildSettings = {
				ASSETCATALOG_COMPILER_APPICON_NAME = AppIcon;
				ASSETCATALOG_COMPILER_GLOBAL_ACCENT_COLOR_NAME = AccentColor;
				CODE_SIGN_ENTITLEMENTS = Attempt/Attempt.entitlements;
				CODE_SIGN_STYLE = Automatic;
				CURRENT_PROJECT_VERSION = 1;
				ENABLE_PREVIEWS = YES;
				GENERATE_INFOPLIST_FILE = YES;
				INFOPLIST_KEY_NSHealthShareUsageDescription = "Attempt reads your body mass from Health so your weigh-ins and their seven-day average are in one place. It stays on this device.";
				INFOPLIST_KEY_UIApplicationSceneManifest_Generation = YES;
				INFOPLIST_KEY_UIApplicationSupportsIndirectInputEvents = YES;
				INFOPLIST_KEY_UILaunchScreen_Generation = YES;
				INFOPLIST_KEY_UISupportedInterfaceOrientations_iPad = "UIInterfaceOrientationPortrait UIInterfaceOrientationPortraitUpsideDown UIInterfaceOrientationLandscapeLeft UIInterfaceOrientationLandscapeRight";
				INFOPLIST_KEY_UISupportedInterfaceOrientations_iPhone = "UIInterfaceOrientationPortrait UIInterfaceOrientationLandscapeLeft UIInterfaceOrientationLandscapeRight";
				LD_RUNPATH_SEARCH_PATHS = (
					"$(inherited)",
					"@executable_path/Frameworks",
				);
				MARKETING_VERSION = 1.0;
				PRODUCT_BUNDLE_IDENTIFIER = lockw1n.Attempt;
				PRODUCT_NAME = "$(TARGET_NAME)";
				STRING_CATALOG_GENERATE_SYMBOLS = YES;
				SWIFT_APPROACHABLE_CONCURRENCY = YES;
				SWIFT_DEFAULT_ACTOR_ISOLATION = MainActor;
				SWIFT_EMIT_LOC_STRINGS = YES;
				SWIFT_STRICT_CONCURRENCY = complete;
				SWIFT_TREAT_WARNINGS_AS_ERRORS = YES;
				SWIFT_UPCOMING_FEATURE_MEMBER_IMPORT_VISIBILITY = YES;
				SWIFT_VERSION = 6.0;
				TARGETED_DEVICE_FAMILY = "1,2";
			};
			name = Release;
		};
/* End XCBuildConfiguration section */

/* Begin XCConfigurationList section */
		D3432905301E887D00DC20FF /* Build configuration list for PBXProject "Attempt" */ = {
			isa = XCConfigurationList;
			buildConfigurations = (
				D3432913301E887E00DC20FF /* Debug */,
				D3432914301E887E00DC20FF /* Release */,
			);
			defaultConfigurationIsVisible = 0;
			defaultConfigurationName = Release;
		};
		D3432915301E887E00DC20FF /* Build configuration list for PBXNativeTarget "Attempt" */ = {
			isa = XCConfigurationList;
			buildConfigurations = (
				D3432916301E887E00DC20FF /* Debug */,
				D3432917301E887E00DC20FF /* Release */,
			);
			defaultConfigurationIsVisible = 0;
			defaultConfigurationName = Release;
		};
/* End XCConfigurationList section */

/* Begin XCLocalSwiftPackageReference section */
		D3432920301E887D00DC20FF /* XCLocalSwiftPackageReference "Packages/PowerliftingCore" */ = {
			isa = XCLocalSwiftPackageReference;
			relativePath = Packages/PowerliftingCore;
		};
		D3432921301E887D00DC20FF /* XCLocalSwiftPackageReference "Packages/Persistence" */ = {
			isa = XCLocalSwiftPackageReference;
			relativePath = Packages/Persistence;
		};
		D3432922301E887D00DC20FF /* XCLocalSwiftPackageReference "Packages/DesignSystem" */ = {
			isa = XCLocalSwiftPackageReference;
			relativePath = Packages/DesignSystem;
		};
		D3432923301E887D00DC20FF /* XCLocalSwiftPackageReference "Packages/AppNavigation" */ = {
			isa = XCLocalSwiftPackageReference;
			relativePath = Packages/AppNavigation;
		};
		D3432924301E887D00DC20FF /* XCLocalSwiftPackageReference "Packages/Features/ExerciseLibrary" */ = {
			isa = XCLocalSwiftPackageReference;
			relativePath = Packages/Features/ExerciseLibrary;
		};
		D3432925301E887D00DC20FF /* XCLocalSwiftPackageReference "Packages/Features/Logging" */ = {
			isa = XCLocalSwiftPackageReference;
			relativePath = Packages/Features/Logging;
		};
		D3432926301E887D00DC20FF /* XCLocalSwiftPackageReference "Packages/Features/History" */ = {
			isa = XCLocalSwiftPackageReference;
			relativePath = Packages/Features/History;
		};
		D3432927301E887D00DC20FF /* XCLocalSwiftPackageReference "Packages/Features/Dashboard" */ = {
			isa = XCLocalSwiftPackageReference;
			relativePath = Packages/Features/Dashboard;
		};
		D3432928301E887D00DC20FF /* XCLocalSwiftPackageReference "Packages/Features/Settings" */ = {
			isa = XCLocalSwiftPackageReference;
			relativePath = Packages/Features/Settings;
		};
		D3432929301E887D00DC20FF /* XCLocalSwiftPackageReference "Packages/SeedImport" */ = {
			isa = XCLocalSwiftPackageReference;
			relativePath = Packages/SeedImport;
		};
		D3432929301E887E00DC20FF /* XCLocalSwiftPackageReference "Packages/Features/Routines" */ = {
			isa = XCLocalSwiftPackageReference;
			relativePath = Packages/Features/Routines;
		};
/* End XCLocalSwiftPackageReference section */

/* Begin XCSwiftPackageProductDependency section */
		D3432930301E887D00DC20FF /* PowerliftingCore */ = {
			isa = XCSwiftPackageProductDependency;
			productName = PowerliftingCore;
		};
		D3432931301E887D00DC20FF /* Persistence */ = {
			isa = XCSwiftPackageProductDependency;
			productName = Persistence;
		};
		D3432932301E887D00DC20FF /* DesignSystem */ = {
			isa = XCSwiftPackageProductDependency;
			productName = DesignSystem;
		};
		D3432933301E887D00DC20FF /* AppNavigation */ = {
			isa = XCSwiftPackageProductDependency;
			productName = AppNavigation;
		};
		D3432934301E887D00DC20FF /* ExerciseLibrary */ = {
			isa = XCSwiftPackageProductDependency;
			productName = ExerciseLibrary;
		};
		D3432935301E887D00DC20FF /* Logging */ = {
			isa = XCSwiftPackageProductDependency;
			productName = Logging;
		};
		D3432936301E887D00DC20FF /* History */ = {
			isa = XCSwiftPackageProductDependency;
			productName = History;
		};
		D3432937301E887D00DC20FF /* Dashboard */ = {
			isa = XCSwiftPackageProductDependency;
			productName = Dashboard;
		};
		D3432938301E887D00DC20FF /* Settings */ = {
			isa = XCSwiftPackageProductDependency;
			productName = Settings;
		};
		D3432938301E887E00DC20FF /* Routines */ = {
			isa = XCSwiftPackageProductDependency;
			productName = Routines;
		};
		D3432939301E887D00DC20FF /* SeedImport */ = {
			isa = XCSwiftPackageProductDependency;
			productName = SeedImport;
		};
/* End XCSwiftPackageProductDependency section */
	};
	rootObject = D3432902301E887D00DC20FF /* Project object */;
}
